
Microsoft Visual Studio Solution File, Format Version 12.00
# Visual Studio 15
Project("{FAE04EC0-301F-11D3-BF4B-00C04F79EFBC}") = "POS", "POS\POS.csproj", "{B2AE31A8-A382-471C-8D68-9B950E6BD57C}"
EndProject
Global
	GlobalSection(SolutionConfigurationPlatforms) = preSolution
		Debug|Any CPU = Debug|Any CPU
		Release|Any CPU = Release|Any CPU
	EndGlobalSection
	GlobalSection(ProjectConfigurationPlatforms) = postSolution
		{B2AE31A8-A382-471C-8D68-9B950E6BD57C}.Debug|Any CPU.ActiveCfg = Debug|Any CPU
		{B2AE31A8-A382-471C-8D68-9B950E6BD57C}.Debug|Any CPU.Build.0 = Debug|Any CPU
		{B2AE31A8-A382-471C-8D68-9B950E6BD57C}.Release|Any CPU.ActiveCfg = Release|Any CPU
		{B2AE31A8-A382-471C-8D68-9B950E6BD57C}.Release|Any CPU.Build.0 = Release|Any CPU
	EndGlobalSection
EndGlobal
